// !$*UTF8*$!
{
	archiveVersion = 1;
	classes = {
	};
	objectVersion = 46;
	objects = {

/* Begin PBXBuildFile section */
		27652C971BD5958A00208DD6 /* main.m in Sources */ = {isa = PBXBuildFile; fileRef = 27652C961BD5958A00208DD6 /* main.m */; };
		27652C9A1BD5958A00208DD6 /* AppDelegate.m in Sources */ = {isa = PBXBuildFile; fileRef = 27652C991BD5958A00208DD6 /* AppDelegate.m */; };
		27652C9D1BD5958A00208DD6 /* ViewController.m in Sources */ = {isa = PBXBuildFile; fileRef = 27652C9C1BD5958A00208DD6 /* ViewController.m */; };
		27652CA01BD5958A00208DD6 /* Main.storyboard in Resources */ = {isa = PBXBuildFile; fileRef = 27652C9E1BD5958A00208DD6 /* Main.storyboard */; };
		27652CA31BD5958A00208DD6 /* MundoBeneficios.xcdatamodeld in Sources */ = {isa = PBXBuildFile; fileRef = 27652CA11BD5958A00208DD6 /* MundoBeneficios.xcdatamodeld */; };
		27652CA51BD5958A00208DD6 /* Assets.xcassets in Resources */ = {isa = PBXBuildFile; fileRef = 27652CA41BD5958A00208DD6 /* Assets.xcassets */; };
		27652CA81BD5958A00208DD6 /* LaunchScreen.storyboard in Resources */ = {isa = PBXBuildFile; fileRef = 27652CA61BD5958A00208DD6 /* LaunchScreen.storyboard */; };
		5101E3253F3CB183F96D6479 /* libPods-MundoBeneficios.a in Frameworks */ = {isa = PBXBuildFile; fileRef = 0403F46FE8B726CB1827A554 /* libPods-MundoBeneficios.a */; };
/* End PBXBuildFile section */

/* Begin PBXFileReference section */
		0403F46FE8B726CB1827A554 /* libPods-MundoBeneficios.a */ = {isa = PBXFileReference; explicitFileType = archive.ar; includeInIndex = 0; path = "libPods-MundoBeneficios.a"; sourceTree = BUILT_PRODUCTS_DIR; };
		27652C921BD5958A00208DD6 /* MundoBeneficios.app */ = {isa = PBXFileReference; explicitFileType = wrapper.application; includeInIndex = 0; path = MundoBeneficios.app; sourceTree = BUILT_PRODUCTS_DIR; };
		27652C961BD5958A00208DD6 /* main.m */ = {isa = PBXFileReference; lastKnownFileType = sourcecode.c.objc; path = main.m; sourceTree = "<group>"; };
		27652C981BD5958A00208DD6 /* AppDelegate.h */ = {isa = PBXFileReference; lastKnownFileType = sourcecode.c.h; path = AppDelegate.h; sourceTree = "<group>"; };
		27652C991BD5958A00208DD6 /* AppDelegate.m */ = {isa = PBXFileReference; lastKnownFileType = sourcecode.c.objc; path = AppDelegate.m; sourceTree = "<group>"; };
		27652C9B1BD5958A00208DD6 /* ViewController.h */ = {isa = PBXFileReference; lastKnownFileType = sourcecode.c.h; path = ViewController.h; sourceTree = "<group>"; };
		27652C9C1BD5958A00208DD6 /* ViewController.m */ = {isa = PBXFileReference; lastKnownFileType = sourcecode.c.objc; path = ViewController.m; sourceTree = "<group>"; };
		27652C9F1BD5958A00208DD6 /* Base */ = {isa = PBXFileReference; lastKnownFileType = file.storyboard; name = Base; path = Base.lproj/Main.storyboard; sourceTree = "<group>"; };
		27652CA21BD5958A00208DD6 /* MundoBeneficios.xcdatamodel */ = {isa = PBXFileReference; lastKnownFileType = wrapper.xcdatamodel; path = MundoBeneficios.xcdatamodel; sourceTree = "<group>"; };
		27652CA41BD5958A00208DD6 /* Assets.xcassets */ = {isa = PBXFileReference; lastKnownFileType = folder.assetcatalog; path = Assets.xcassets; sourceTree = "<group>"; };
		27652CA71BD5958A00208DD6 /* Base */ = {isa = PBXFileReference; lastKnownFileType = file.storyboard; name = Base; path = Base.lproj/LaunchScreen.storyboard; sourceTree = "<group>"; };
		27652CA91BD5958A00208DD6 /* Info.plist */ = {isa = PBXFileReference; lastKnownFileType = text.plist.xml; path = Info.plist; sourceTree = "<group>"; };
		68980675A2D6643A854147FA /* Pods-MundoBeneficios.release.xcconfig */ = {isa = PBXFileReference; includeInIndex = 1; lastKnownFileType = text.xcconfig; name = "Pods-MundoBeneficios.release.xcconfig"; path = "Pods/Target Support Files/Pods-MundoBeneficios/Pods-MundoBeneficios.release.xcconfig"; sourceTree = "<group>"; };
		FE97A11E865AE880BA5C07E5 /* Pods-MundoBeneficios.debug.xcconfig */ = {isa = PBXFileReference; includeInIndex = 1; lastKnownFileType = text.xcconfig; name = "Pods-MundoBeneficios.debug.xcconfig"; path = "Pods/Target Support Files/Pods-MundoBeneficios/Pods-MundoBeneficios.debug.xcconfig"; sourceTree = "<group>"; };
/* End PBXFileReference section */

/* Begin PBXFrameworksBuildPhase section */
		27652C8F1BD5958A00208DD6 /* Frameworks */ = {
			isa = PBXFrameworksBuildPhase;
			buildActionMask = 2147483647;
			files = (
				5101E3253F3CB183F96D6479 /* libPods-MundoBeneficios.a in Frameworks */,
			);
			runOnlyForDeploymentPostprocessing = 0;
		};
/* End PBXFrameworksBuildPhase section */

/* Begin PBXGroup section */
		27652C891BD5958A00208DD6 = {
			isa = PBXGroup;
			children = (
				27652C941BD5958A00208DD6 /* MundoBeneficios */,
				27652C931BD5958A00208DD6 /* Products */,
				6A79B49E476B2252D87E6A21 /* Pods */,
				B10DF5522EA0A13BDF4D814A /* Frameworks */,
			);
			sourceTree = "<group>";
		};
		27652C931BD5958A00208DD6 /* Products */ = {
			isa = PBXGroup;
			children = (
				27652C921BD5958A00208DD6 /* MundoBeneficios.app */,
			);
			name = Products;
			sourceTree = "<group>";
		};
		27652C941BD5958A00208DD6 /* MundoBeneficios */ = {
			isa = PBXGroup;
			children = (
				27652C981BD5958A00208DD6 /* AppDelegate.h */,
				27652C991BD5958A00208DD6 /* AppDelegate.m */,
				27652C9B1BD5958A00208DD6 /* ViewController.h */,
				27652C9C1BD5958A00208DD6 /* ViewController.m */,
				27652C9E1BD5958A00208DD6 /* Main.storyboard */,
				27652CA41BD5958A00208DD6 /* Assets.xcassets */,
				27652CA61BD5958A00208DD6 /* LaunchScreen.storyboard */,
				27652CA91BD5958A00208DD6 /* Info.plist */,
				27652CA11BD5958A00208DD6 /* MundoBeneficios.xcdatamodeld */,
				27652C951BD5958A00208DD6 /* Supporting Files */,
			);
			path = MundoBeneficios;
			sourceTree = "<group>";
		};
		27652C951BD5958A00208DD6 /* Supporting Files */ = {
			isa = PBXGroup;
			children = (
				27652C961BD5958A00208DD6 /* main.m */,
			);
			name = "Supporting Files";
			sourceTree = "<group>";
		};
		6A79B49E476B2252D87E6A21 /* Pods */ = {
			isa = PBXGroup;
			children = (
				FE97A11E865AE880BA5C07E5 /* Pods-MundoBeneficios.debug.xcconfig */,
				68980675A2D6643A854147FA /* Pods-MundoBeneficios.release.xcconfig */,
			);
			name = Pods;
			sourceTree = "<group>";
		};
		B10DF5522EA0A13BDF4D814A /* Frameworks */ = {
			isa = PBXGroup;
			children = (
				0403F46FE8B726CB1827A554 /* libPods-MundoBeneficios.a */,
			);
			name = Frameworks;
			sourceTree = "<group>";
		};
/* End PBXGroup section */

/* Begin PBXNativeTarget section */
		27652C911BD5958A00208DD6 /* MundoBeneficios */ = {
			isa = PBXNativeTarget;
			buildConfigurationList = 27652CAC1BD5958A00208DD6 /* Build configuration list for PBXNativeTarget "MundoBeneficios" */;
			buildPhases = (
				2714B663A88954DE79C927FD /* Check Pods Manifest.lock */,
				27652C8E1BD5958A00208DD6 /* Sources */,
				27652C8F1BD5958A00208DD6 /* Frameworks */,
				27652C901BD5958A00208DD6 /* Resources */,
				17B796EE99EB9BB7F8E52A73 /* Embed Pods Frameworks */,
				9A93803755402C8D42D64509 /* Copy Pods Resources */,
			);
			buildRules = (
			);
			dependencies = (
			);
			name = MundoBeneficios;
			productName = MundoBeneficios;
			productReference = 27652C921BD5958A00208DD6 /* MundoBeneficios.app */;
			productType = "com.apple.product-type.application";
		};
/* End PBXNativeTarget section */

/* Begin PBXProject section */
		27652C8A1BD5958A00208DD6 /* Project object */ = {
			isa = PBXProject;
			attributes = {
				LastUpgradeCheck = 0700;
				ORGANIZATIONNAME = Quima;
				TargetAttributes = {
					27652C911BD5958A00208DD6 = {
						CreatedOnToolsVersion = 7.0.1;
						DevelopmentTeam = 73A3QCVC2H;
					};
				};
			};
			buildConfigurationList = 27652C8D1BD5958A00208DD6 /* Build configuration list for PBXProject "MundoBeneficios" */;
			compatibilityVersion = "Xcode 3.2";
			developmentRegion = English;
			hasScannedForEncodings = 0;
			knownRegions = (
				en,
				Base,
			);
			mainGroup = 27652C891BD5958A00208DD6;
			productRefGroup = 27652C931BD5958A00208DD6 /* Products */;
			projectDirPath = "";
			projectRoot = "";
			targets = (
				27652C911BD5958A00208DD6 /* MundoBeneficios */,
			);
		};
/* End PBXProject section */

/* Begin PBXResourcesBuildPhase section */
		27652C901BD5958A00208DD6 /* Resources */ = {
			isa = PBXResourcesBuildPhase;
			buildActionMask = 2147483647;
			files = (
				27652CA81BD5958A00208DD6 /* LaunchScreen.storyboard in Resources */,
				27652CA51BD5958A00208DD6 /* Assets.xcassets in Resources */,
				27652CA01BD5958A00208DD6 /* Main.storyboard in Resources */,
			);
			runOnlyForDeploymentPostprocessing = 0;
		};
/* End PBXResourcesBuildPhase section */

/* Begin PBXShellScriptBuildPhase section */
		17B796EE99EB9BB7F8E52A73 /* Embed Pods Frameworks */ = {
			isa = PBXShellScriptBuildPhase;
			buildActionMask = 2147483647;
			files = (
			);
			inputPaths = (
			);
			name = "Embed Pods Frameworks";
			outputPaths = (
			);
			runOnlyForDeploymentPostprocessing = 0;
			shellPath = /bin/sh;
			shellScript = "\"${SRCROOT}/Pods/Target Support Files/Pods-MundoBeneficios/Pods-MundoBeneficios-frameworks.sh\"\n";
			showEnvVarsInLog = 0;
		};
		2714B663A88954DE79C927FD /* Check Pods Manifest.lock */ = {
			isa = PBXShellScriptBuildPhase;
			buildActionMask = 2147483647;
			files = (
			);
			inputPaths = (
			);
			name = "Check Pods Manifest.lock";
			outputPaths = (
			);
			runOnlyForDeploymentPostprocessing = 0;
			shellPath = /bin/sh;
			shellScript = "diff \"${PODS_ROOT}/../Podfile.lock\" \"${PODS_ROOT}/Manifest.lock\" > /dev/null\nif [[ $? != 0 ]] ; then\n    cat << EOM\nerror: The sandbox is not in sync with the Podfile.lock. Run 'pod install' or update your CocoaPods installation.\nEOM\n    exit 1\nfi\n";
			showEnvVarsInLog = 0;
		};
		9A93803755402C8D42D64509 /* Copy Pods Resources */ = {
			isa = PBXShellScriptBuildPhase;
			buildActionMask = 2147483647;
			files = (
			);
			inputPaths = (
			);
			name = "Copy Pods Resources";
			outputPaths = (
			);
			runOnlyForDeploymentPostprocessing = 0;
			shellPath = /bin/sh;
			shellScript = "\"${SRCROOT}/Pods/Target Support Files/Pods-MundoBeneficios/Pods-MundoBeneficios-resources.sh\"\n";
			showEnvVarsInLog = 0;
		};
/* End PBXShellScriptBuildPhase section */

/* Begin PBXSourcesBuildPhase section */
		27652C8E1BD5958A00208DD6 /* Sources */ = {
			isa = PBXSourcesBuildPhase;
			buildActionMask = 2147483647;
			files = (
				27652C9D1BD5958A00208DD6 /* ViewController.m in Sources */,
				27652C9A1BD5958A00208DD6 /* AppDelegate.m in Sources */,
				27652CA31BD5958A00208DD6 /* MundoBeneficios.xcdatamodeld in Sources */,
				27652C971BD5958A00208DD6 /* main.m in Sources */,
			);
			runOnlyForDeploymentPostprocessing = 0;
		};
/* End PBXSourcesBuildPhase section */

/* Begin PBXVariantGroup section */
		27652C9E1BD5958A00208DD6 /* Main.storyboard */ = {
			isa = PBXVariantGroup;
			children = (
				27652C9F1BD5958A00208DD6 /* Base */,
			);
			name = Main.storyboard;
			sourceTree = "<group>";
		};
		27652CA61BD5958A00208DD6 /* LaunchScreen.storyboard */ = {
			isa = PBXVariantGroup;
			children = (
				27652CA71BD5958A00208DD6 /* Base */,
			);
			name = LaunchScreen.storyboard;
			sourceTree = "<group>";
		};
/* End PBXVariantGroup section */

/* Begin XCBuildConfiguration section */
		27652CAA1BD5958A00208DD6 /* Debug */ = {
			isa = XCBuildConfiguration;
			buildSettings = {
				ALWAYS_SEARCH_USER_PATHS = NO;
				CLANG_CXX_LANGUAGE_STANDARD = "gnu++0x";
				CLANG_CXX_LIBRARY = "libc++";
				CLANG_ENABLE_MODULES = YES;
				CLANG_ENABLE_OBJC_ARC = YES;
				CLANG_WARN_BOOL_CONVERSION = YES;
				CLANG_WARN_CONSTANT_CONVERSION = YES;
				CLANG_WARN_DIRECT_OBJC_ISA_USAGE = YES_ERROR;
				CLANG_WARN_EMPTY_BODY = YES;
				CLANG_WARN_ENUM_CONVERSION = YES;
				CLANG_WARN_INT_CONVERSION = YES;
				CLANG_WARN_OBJC_ROOT_CLASS = YES_ERROR;
				CLANG_WARN_UNREACHABLE_CODE = YES;
				CLANG_WARN__DUPLICATE_METHOD_MATCH = YES;
				"CODE_SIGN_IDENTITY[sdk=iphoneos*]" = "iPhone Developer";
				COPY_PHASE_STRIP = NO;
				DEBUG_INFORMATION_FORMAT = dwarf;
				ENABLE_STRICT_OBJC_MSGSEND = YES;
				ENABLE_TESTABILITY = YES;
				GCC_C_LANGUAGE_STANDARD = gnu99;
				GCC_DYNAMIC_NO_PIC = NO;
				GCC_NO_COMMON_BLOCKS = YES;
				GCC_OPTIMIZATION_LEVEL = 0;
				GCC_PREPROCESSOR_DEFINITIONS = (
					"DEBUG=1",
					"$(inherited)",
				);
				GCC_WARN_64_TO_32_BIT_CONVERSION = YES;
				GCC_WARN_ABOUT_RETURN_TYPE = YES_ERROR;
				GCC_WARN_UNDECLARED_SELECTOR = YES;
				GCC_WARN_UNINITIALIZED_AUTOS = YES_AGGRESSIVE;
				GCC_WARN_UNUSED_FUNCTION = YES;
				GCC_WARN_UNUSED_VARIABLE = YES;
				IPHONEOS_DEPLOYMENT_TARGET = 7.0;
				MTL_ENABLE_DEBUG_INFO = YES;
				ONLY_ACTIVE_ARCH = YES;
				SDKROOT = iphoneos;
			};
			name = Debug;
		};
		27652CAB1BD5958A00208DD6 /* Release */ = {
			isa = XCBuildConfiguration;
			buildSettings = {
				ALWAYS_SEARCH_USER_PATHS = NO;
				CLANG_CXX_LANGUAGE_STANDARD = "gnu++0x";
				CLANG_CXX_LIBRARY = "libc++";
				CLANG_ENABLE_MODULES = YES;
				CLANG_ENABLE_OBJC_ARC = YES;
				CLANG_WARN_BOOL_CONVERSION = YES;
				CLANG_WARN_CONSTANT_CONVERSION = YES;
				CLANG_WARN_DIRECT_OBJC_ISA_USAGE = YES_ERROR;
				CLANG_WARN_EMPTY_BODY = YES;
				CLANG_WARN_ENUM_CONVERSION = YES;
				CLANG_WARN_INT_CONVERSION = YES;
				CLANG_WARN_OBJC_ROOT_CLASS = YES_ERROR;
				CLANG_WARN_UNREACHABLE_CODE = YES;
				CLANG_WARN__DUPLICATE_METHOD_MATCH = YES;
				"CODE_SIGN_IDENTITY[sdk=iphoneos*]" = "iPhone Developer";
				COPY_PHASE_STRIP = NO;
				DEBUG_INFORMATION_FORMAT = "dwarf-with-dsym";
				ENABLE_NS_ASSERTIONS = NO;
				ENABLE_STRICT_OBJC_MSGSEND = YES;
				GCC_C_LANGUAGE_STANDARD = gnu99;
				GCC_NO_COMMON_BLOCKS = YES;
				GCC_WARN_64_TO_32_BIT_CONVERSION = YES;
				GCC_WARN_ABOUT_RETURN_TYPE = YES_ERROR;
				GCC_WARN_UNDECLARED_SELECTOR = YES;
				GCC_WARN_UNINITIALIZED_AUTOS = YES_AGGRESSIVE;
				GCC_WARN_UNUSED_FUNCTION = YES;
				GCC_WARN_UNUSED_VARIABLE = YES;
				IPHONEOS_DEPLOYMENT_TARGET = 7.0;
				MTL_ENABLE_DEBUG_INFO = NO;
				SDKROOT = iphoneos;
				VALIDATE_PRODUCT = YES;
			};
			name = Release;
		};
		27652CAD1BD5958A00208DD6 /* Debug */ = {
			isa = XCBuildConfiguration;
			baseConfigurationReference = FE97A11E865AE880BA5C07E5 /* Pods-MundoBeneficios.debug.xcconfig */;
			buildSettings = {
				ASSETCATALOG_COMPILER_APPICON_NAME = AppIcon;
				CODE_SIGN_IDENTITY = "iPhone Developer";
				INFOPLIST_FILE = MundoBeneficios/Info.plist;
				IPHONEOS_DEPLOYMENT_TARGET = 7.0;
				LD_RUNPATH_SEARCH_PATHS = "$(inherited) @executable_path/Frameworks";
				PRODUCT_BUNDLE_IDENTIFIER = com.quimadevelopers.mundobeneficios;
				PRODUCT_NAME = "$(TARGET_NAME)";
			};
			name = Debug;
		};
		27652CAE1BD5958A00208DD6 /* Release */ = {
			isa = XCBuildConfiguration;
			baseConfigurationReference = 68980675A2D6643A854147FA /* Pods-MundoBeneficios.release.xcconfig */;
			buildSettings = {
				ASSETCATALOG_COMPILER_APPICON_NAME = AppIcon;
				CODE_SIGN_IDENTITY = "iPhone Developer";
				INFOPLIST_FILE = MundoBeneficios/Info.plist;
				IPHONEOS_DEPLOYMENT_TARGET = 7.0;
				LD_RUNPATH_SEARCH_PATHS = "$(inherited) @executable_path/Frameworks";
				PRODUCT_BUNDLE_IDENTIFIER = com.quimadevelopers.mundobeneficios;
				PRODUCT_NAME = "$(TARGET_NAME)";
			};
			name = Release;
		};
/* End XCBuildConfiguration section */

/* Begin XCConfigurationList section */
		27652C8D1BD5958A00208DD6 /* Build configuration list for PBXProject "MundoBeneficios" */ = {
			isa = XCConfigurationList;
			buildConfigurations = (
				27652CAA1BD5958A00208DD6 /* Debug */,
				27652CAB1BD5958A00208DD6 /* Release */,
			);
			defaultConfigurationIsVisible = 0;
			defaultConfigurationName = Release;
		};
		27652CAC1BD5958A00208DD6 /* Build configuration list for PBXNativeTarget "MundoBeneficios" */ = {
			isa = XCConfigurationList;
			buildConfigurations = (
				27652CAD1BD5958A00208DD6 /* Debug */,
				27652CAE1BD5958A00208DD6 /* Release */,
			);
			defaultConfigurationIsVisible = 0;
			defaultConfigurationName = Release;
		};
/* End XCConfigurationList section */

/* Begin XCVersionGroup section */
		27652CA11BD5958A00208DD6 /* MundoBeneficios.xcdatamodeld */ = {
			isa = XCVersionGroup;
			children = (
				27652CA21BD5958A00208DD6 /* MundoBeneficios.xcdatamodel */,
			);
			currentVersion = 27652CA21BD5958A00208DD6 /* MundoBeneficios.xcdatamodel */;
			path = MundoBeneficios.xcdatamodeld;
			sourceTree = "<group>";
			versionGroupType = wrapper.xcdatamodel;
		};
/* End XCVersionGroup section */
	};
	rootObject = 27652C8A1BD5958A00208DD6 /* Project object */;
}
